
Microsoft Visual Studio Solution File, Format Version 12.00
# Visual Studio Version 17
VisualStudioVersion = 17.0.31903.59
MinimumVisualStudioVersion = 10.0.40219.1
Project("{FAE04EC0-301F-11D3-BF4B-00C04F79EFBC}") = "MediaServer.Sse.Core", "MediaServer.Sse.Core\MediaServer.Sse.Core.csproj", "{88ED3E10-C80E-4E0A-BAE9-46527A9C1064}"
EndProject
Project("{FAE04EC0-301F-11D3-BF4B-00C04F79EFBC}") = "Jellyfin.Plugin.Sse", "Jellyfin.Plugin.Sse\Jellyfin.Plugin.Sse.csproj", "{95D825D2-1184-45D7-8351-DCD0E205D025}"
EndProject
Project("{FAE04EC0-301F-11D3-BF4B-00C04F79EFBC}") = "MediaServer.Sse.Tests", "MediaServer.Sse.Tests\MediaServer.Sse.Tests.csproj", "{0A6DE991-29B0-4966-8C4A-BAA2BC2AA45A}"
EndProject
Project("{FAE04EC0-301F-11D3-BF4B-00C04F79EFBC}") = "Emby.Plugin.Sse", "Emby.Plugin.Sse\Emby.Plugin.Sse.csproj", "{16AD810D-E427-4429-B841-79B1F0D62465}"
EndProject
Project("{FAE04EC0-301F-11D3-BF4B-00C04F79EFBC}") = "Emby.Plugin.Sse.Tests", "Emby.Plugin.Sse.Tests\Emby.Plugin.Sse.Tests.csproj", "{B38D6C67-C736-4195-9F45-D204459FBCBA}"
EndProject
Global
	GlobalSection(SolutionConfigurationPlatforms) = preSolution
		Debug|Any CPU = Debug|Any CPU
		Debug|x64 = Debug|x64
		Debug|x86 = Debug|x86
		Release|Any CPU = Release|Any CPU
		Release|x64 = Release|x64
		Release|x86 = Release|x86
	EndGlobalSection
	GlobalSection(ProjectConfigurationPlatforms) = postSolution
		{88ED3E10-C80E-4E0A-BAE9-46527A9C1064}.Debug|Any CPU.ActiveCfg = Debug|Any CPU
		{88ED3E10-C80E-4E0A-BAE9-46527A9C1064}.Debug|Any CPU.Build.0 = Debug|Any CPU
		{88ED3E10-C80E-4E0A-BAE9-46527A9C1064}.Debug|x64.ActiveCfg = Debug|Any CPU
		{88ED3E10-C80E-4E0A-BAE9-46527A9C1064}.Debug|x64.Build.0 = Debug|Any CPU
		{88ED3E10-C80E-4E0A-BAE9-46527A9C1064}.Debug|x86.ActiveCfg = Debug|Any CPU
		{88ED3E10-C80E-4E0A-BAE9-46527A9C1064}.Debug|x86.Build.0 = Debug|Any CPU
		{88ED3E10-C80E-4E0A-BAE9-46527A9C1064}.Release|Any CPU.ActiveCfg = Release|Any CPU
		{88ED3E10-C80E-4E0A-BAE9-46527A9C1064}.Release|Any CPU.Build.0 = Release|Any CPU
		{88ED3E10-C80E-4E0A-BAE9-46527A9C1064}.Release|x64.ActiveCfg = Release|Any CPU
		{88ED3E10-C80E-4E0A-BAE9-46527A9C1064}.Release|x64.Build.0 = Release|Any CPU
		{88ED3E10-C80E-4E0A-BAE9-46527A9C1064}.Release|x86.ActiveCfg = Release|Any CPU
		{88ED3E10-C80E-4E0A-BAE9-46527A9C1064}.Release|x86.Build.0 = Release|Any CPU
		{95D825D2-1184-45D7-8351-DCD0E205D025}.Debug|Any CPU.ActiveCfg = Debug|Any CPU
		{95D825D2-1184-45D7-8351-DCD0E205D025}.Debug|Any CPU.Build.0 = Debug|Any CPU
		{95D825D2-1184-45D7-8351-DCD0E205D025}.Debug|x64.ActiveCfg = Debug|Any CPU
		{95D825D2-1184-45D7-8351-DCD0E205D025}.Debug|x64.Build.0 = Debug|Any CPU
		{95D825D2-1184-45D7-8351-DCD0E205D025}.Debug|x86.ActiveCfg = Debug|Any CPU
		{95D825D2-1184-45D7-8351-DCD0E205D025}.Debug|x86.Build.0 = Debug|Any CPU
		{95D825D2-1184-45D7-8351-DCD0E205D025}.Release|Any CPU.ActiveCfg = Release|Any CPU
		{95D825D2-1184-45D7-8351-DCD0E205D025}.Release|Any CPU.Build.0 = Release|Any CPU
		{95D825D2-1184-45D7-8351-DCD0E205D025}.Release|x64.ActiveCfg = Release|Any CPU
		{95D825D2-1184-45D7-8351-DCD0E205D025}.Release|x64.Build.0 = Release|Any CPU
		{95D825D2-1184-45D7-8351-DCD0E205D025}.Release|x86.ActiveCfg = Release|Any CPU
		{95D825D2-1184-45D7-8351-DCD0E205D025}.Release|x86.Build.0 = Release|Any CPU
		{0A6DE991-29B0-4966-8C4A-BAA2BC2AA45A}.Debug|Any CPU.ActiveCfg = Debug|Any CPU
		{0A6DE991-29B0-4966-8C4A-BAA2BC2AA45A}.Debug|Any CPU.Build.0 = Debug|Any CPU
		{0A6DE991-29B0-4966-8C4A-BAA2BC2AA45A}.Debug|x64.ActiveCfg = Debug|Any CPU
		{0A6DE991-29B0-4966-8C4A-BAA2BC2AA45A}.Debug|x64.Build.0 = Debug|Any CPU
		{0A6DE991-29B0-4966-8C4A-BAA2BC2AA45A}.Debug|x86.ActiveCfg = Debug|Any CPU
		{0A6DE991-29B0-4966-8C4A-BAA2BC2AA45A}.Debug|x86.Build.0 = Debug|Any CPU
		{0A6DE991-29B0-4966-8C4A-BAA2BC2AA45A}.Release|Any CPU.ActiveCfg = Release|Any CPU
		{0A6DE991-29B0-4966-8C4A-BAA2BC2AA45A}.Release|Any CPU.Build.0 = Release|Any CPU
		{0A6DE991-29B0-4966-8C4A-BAA2BC2AA45A}.Release|x64.ActiveCfg = Release|Any CPU
		{0A6DE991-29B0-4966-8C4A-BAA2BC2AA45A}.Release|x64.Build.0 = Release|Any CPU
		{0A6DE991-29B0-4966-8C4A-BAA2BC2AA45A}.Release|x86.ActiveCfg = Release|Any CPU
		{0A6DE991-29B0-4966-8C4A-BAA2BC2AA45A}.Release|x86.Build.0 = Release|Any CPU
		{16AD810D-E427-4429-B841-79B1F0D62465}.Debug|Any CPU.ActiveCfg = Debug|Any CPU
		{16AD810D-E427-4429-B841-79B1F0D62465}.Debug|Any CPU.Build.0 = Debug|Any CPU
		{16AD810D-E427-4429-B841-79B1F0D62465}.Debug|x64.ActiveCfg = Debug|Any CPU
		{16AD810D-E427-4429-B841-79B1F0D62465}.Debug|x64.Build.0 = Debug|Any CPU
		{16AD810D-E427-4429-B841-79B1F0D62465}.Debug|x86.ActiveCfg = Debug|Any CPU
		{16AD810D-E427-4429-B841-79B1F0D62465}.Debug|x86.Build.0 = Debug|Any CPU
		{16AD810D-E427-4429-B841-79B1F0D62465}.Release|Any CPU.ActiveCfg = Release|Any CPU
		{16AD810D-E427-4429-B841-79B1F0D62465}.Release|Any CPU.Build.0 = Release|Any CPU
		{16AD810D-E427-4429-B841-79B1F0D62465}.Release|x64.ActiveCfg = Release|Any CPU
		{16AD810D-E427-4429-B841-79B1F0D62465}.Release|x64.Build.0 = Release|Any CPU
		{16AD810D-E427-4429-B841-79B1F0D62465}.Release|x86.ActiveCfg = Release|Any CPU
		{16AD810D-E427-4429-B841-79B1F0D62465}.Release|x86.Build.0 = Release|Any CPU
		{B38D6C67-C736-4195-9F45-D204459FBCBA}.Debug|Any CPU.ActiveCfg = Debug|Any CPU
		{B38D6C67-C736-4195-9F45-D204459FBCBA}.Debug|Any CPU.Build.0 = Debug|Any CPU
		{B38D6C67-C736-4195-9F45-D204459FBCBA}.Debug|x64.ActiveCfg = Debug|Any CPU
		{B38D6C67-C736-4195-9F45-D204459FBCBA}.Debug|x64.Build.0 = Debug|Any CPU
		{B38D6C67-C736-4195-9F45-D204459FBCBA}.Debug|x86.ActiveCfg = Debug|Any CPU
		{B38D6C67-C736-4195-9F45-D204459FBCBA}.Debug|x86.Build.0 = Debug|Any CPU
		{B38D6C67-C736-4195-9F45-D204459FBCBA}.Release|Any CPU.ActiveCfg = Release|Any CPU
		{B38D6C67-C736-4195-9F45-D204459FBCBA}.Release|Any CPU.Build.0 = Release|Any CPU
		{B38D6C67-C736-4195-9F45-D204459FBCBA}.Release|x64.ActiveCfg = Release|Any CPU
		{B38D6C67-C736-4195-9F45-D204459FBCBA}.Release|x64.Build.0 = Release|Any CPU
		{B38D6C67-C736-4195-9F45-D204459FBCBA}.Release|x86.ActiveCfg = Release|Any CPU
		{B38D6C67-C736-4195-9F45-D204459FBCBA}.Release|x86.Build.0 = Release|Any CPU
	EndGlobalSection
	GlobalSection(SolutionProperties) = preSolution
		HideSolutionNode = FALSE
	EndGlobalSection
EndGlobal
